<?xml version="1.0" encoding="utf-8"?>
<Project ToolsVersion="4.0" xmlns="http://schemas.microsoft.com/developer/msbuild/2003">
  <ItemGroup>
    <Filter Include="Source Files">
      <UniqueIdentifier>{4FC737F1-C7A5-4376-A066-2A32D752A2FF}</UniqueIdentifier>
      <Extensions>cpp;c;cc;cxx;c++;cppm;ixx;def;odl;idl;hpj;bat;asm;asmx</Extensions>
    </Filter>
    <Filter Include="Header Files">
      <UniqueIdentifier>{93995380-89BD-4b04-88EB-625FBE52EBFB}</UniqueIdentifier>
      <Extensions>h;hh;hpp;hxx;h++;hm;inl;inc;ipp;xsd</Extensions>
    </Filter>
    <Filter Include="Resource Files">
      <UniqueIdentifier>{67DA6AB6-F800-4c08-8B7A-83BB121AAD01}</UniqueIdentifier>
      <Extensions>rc;ico;cur;bmp;dlg;rc2;rct;bin;rgs;gif;jpg;jpeg;jpe;resx;tiff;tif;png;wav;mfcribbon-ms</Extensions>
    </Filter>
  </ItemGroup>
  <ItemGroup>
    <ClCompile Include="DIP\DIP_Configuration.cpp">
      <Filter>Source Files</Filter>
    </ClCompile>
    <ClCompile Include="DIP\DIPMain.cpp">
      <Filter>Source Files</Filter>
    </ClCompile>
    <ClCompile Include="DIP\LoadXMLConfigurationService.cpp">
      <Filter>Source Files</Filter>
    </ClCompile>
    <ClCompile Include="ISP\ISP_Boss.cpp">
      <Filter>Source Files</Filter>
    </ClCompile>
    <ClCompile Include="ISP\ISP_Minion.cpp">
      <Filter>Source Files</Filter>
    </ClCompile>
    <ClCompile Include="ISP\ISPMain.cpp">
      <Filter>Source Files</Filter>
    </ClCompile>
    <ClCompile Include="LSP\Boss.cpp">
      <Filter>Source Files</Filter>
    </ClCompile>
    <ClCompile Include="LSP\LSPMain.cpp">
      <Filter>Source Files</Filter>
    </ClCompile>
    <ClCompile Include="LSP\Minion.cpp">
      <Filter>Source Files</Filter>
    </ClCompile>
    <ClCompile Include="OCP\Enemy.cpp">
      <Filter>Source Files</Filter>
    </ClCompile>
    <ClCompile Include="OCP\OCPMain.cpp">
      <Filter>Source Files</Filter>
    </ClCompile>
    <ClCompile Include="SRP\SRP_Configuration.cpp">
      <Filter>Source Files</Filter>
    </ClCompile>
    <ClCompile Include="SRP\SRPMain.cpp">
      <Filter>Source Files</Filter>
    </ClCompile>
  </ItemGroup>
  <ItemGroup>
    <ClInclude Include="DIP\DIP_Configuration.h">
      <Filter>Header Files</Filter>
    </ClInclude>
    <ClInclude Include="DIP\DIPMain.h">
      <Filter>Header Files</Filter>
    </ClInclude>
    <ClInclude Include="DIP\LoadXMLConfigurationService.h">
      <Filter>Header Files</Filter>
    </ClInclude>
    <ClInclude Include="ISP\ISP_Boss.h">
      <Filter>Header Files</Filter>
    </ClInclude>
    <ClInclude Include="ISP\ISP_Enemy.h">
      <Filter>Header Files</Filter>
    </ClInclude>
    <ClInclude Include="ISP\ISP_Minion.h">
      <Filter>Header Files</Filter>
    </ClInclude>
    <ClInclude Include="ISP\ISPMain.h">
      <Filter>Header Files</Filter>
    </ClInclude>
    <ClInclude Include="LSP\Boss.h">
      <Filter>Header Files</Filter>
    </ClInclude>
    <ClInclude Include="LSP\Enemy.h">
      <Filter>Header Files</Filter>
    </ClInclude>
    <ClInclude Include="LSP\LSPMain.h">
      <Filter>Header Files</Filter>
    </ClInclude>
    <ClInclude Include="LSP\Minion.h">
      <Filter>Header Files</Filter>
    </ClInclude>
    <ClInclude Include="OCP\Enemy.h">
      <Filter>Header Files</Filter>
    </ClInclude>
    <ClInclude Include="OCP\OCPMain.h">
      <Filter>Header Files</Filter>
    </ClInclude>
    <ClInclude Include="SRP\SRP_Configuration.h">
      <Filter>Header Files</Filter>
    </ClInclude>
    <ClInclude Include="SRP\SRPMain.h">
      <Filter>Header Files</Filter>
    </ClInclude>
    <ClInclude Include="SRP\EnemyHandler.h">
      <Filter>Header Files</Filter>
    </ClInclude>
    <ClInclude Include="OCP\NormalEnemy.h">
      <Filter>Header Files</Filter>
    </ClInclude>
    <ClInclude Include="OCP\Boss.h">
      <Filter>Header Files</Filter>
    </ClInclude>
  </ItemGroup>
</Project>