
Microsoft Visual Studio Solution File, Format Version 12.00
# Visual Studio Version 17
VisualStudioVersion = 17.7.34031.279
MinimumVisualStudioVersion = 10.0.40219.1
Project("{8BC9CEB8-8B4A-11D0-8D11-00A0C91BC942}") = "C00_Files", "C00_Files\C00_Files.vcxproj", "{259BAB92-DCB1-4AEC-8AE1-8D7621879379}"
EndProject
Project("{8BC9CEB8-8B4A-11D0-8D11-00A0C91BC942}") = "01_XML", "01_XML\01_XML.vcxproj", "{9630E2B3-60A2-47C1-BF83-33A88312DF8E}"
EndProject
Project("{8BC9CEB8-8B4A-11D0-8D11-00A0C91BC942}") = "AA1_01", "AA1_01\AA1_01.vcxproj", "{F8BC97F5-2AD5-4310-B92A-56B6E81F27F8}"
EndProject
Project("{8BC9CEB8-8B4A-11D0-8D11-00A0C91BC942}") = "BYNARY FILES", "BYNARY FILES\BYNARY FILES.vcxproj", "{B1C3BD62-5BFF-4F64-B21D-6118E3C0E062}"
EndProject
Project("{8BC9CEB8-8B4A-11D0-8D11-00A0C91BC942}") = "Binary With String", "Binary With String\Binary With String.vcxproj", "{9E155895-8688-403F-A55D-55D79068EABC}"
EndProject
Project("{8BC9CEB8-8B4A-11D0-8D11-00A0C91BC942}") = "AA1_02", "AA1_02\AA1_02.vcxproj", "{2D83D7FB-36F5-4E54-86AD-981C77D72E08}"
EndProject
Project("{8BC9CEB8-8B4A-11D0-8D11-00A0C91BC942}") = "Inherence", "Inherence\Inherence.vcxproj", "{3638239C-BB91-4E04-8F29-E1AE38CD5FC3}"
EndProject
Project("{8BC9CEB8-8B4A-11D0-8D11-00A0C91BC942}") = "SimpleGameEngine", "SimpleGameEngine\SimpleGameEngine.vcxproj", "{C994F845-F8BB-4B9C-A665-40EAC2FC3AB5}"
EndProject
Project("{8BC9CEB8-8B4A-11D0-8D11-00A0C91BC942}") = "AA1_03", "AA1_03\AA1_03.vcxproj", "{35164D42-4AA2-465D-9499-40E1F84CAF14}"
EndProject
Project("{8BC9CEB8-8B4A-11D0-8D11-00A0C91BC942}") = "AA1_04", "AA1_04\AA1_04.vcxproj", "{0722C29D-9386-40E6-8B1D-6110160430B2}"
EndProject
Project("{8BC9CEB8-8B4A-11D0-8D11-00A0C91BC942}") = "AA1_05", "AA1_05\AA1_05.vcxproj", "{068A1932-3D2B-4242-996A-4563746239BA}"
EndProject
Project("{8BC9CEB8-8B4A-11D0-8D11-00A0C91BC942}") = "SingletonTest", "SingletonTest\SingletonTest.vcxproj", "{16F8A27E-3A97-46B1-9DBA-4078634E42D2}"
EndProject
Project("{8BC9CEB8-8B4A-11D0-8D11-00A0C91BC942}") = "Binary Tree", "Binary Tree\Binary Tree.vcxproj", "{8C1C3B74-4306-4A50-80A6-F60732F5B5FB}"
EndProject
Global
	GlobalSection(SolutionConfigurationPlatforms) = preSolution
		Debug|x64 = Debug|x64
		Debug|x86 = Debug|x86
		Release|x64 = Release|x64
		Release|x86 = Release|x86
	EndGlobalSection
	GlobalSection(ProjectConfigurationPlatforms) = postSolution
		{259BAB92-DCB1-4AEC-8AE1-8D7621879379}.Debug|x64.ActiveCfg = Debug|x64
		{259BAB92-DCB1-4AEC-8AE1-8D7621879379}.Debug|x64.Build.0 = Debug|x64
		{259BAB92-DCB1-4AEC-8AE1-8D7621879379}.Debug|x86.ActiveCfg = Debug|Win32
		{259BAB92-DCB1-4AEC-8AE1-8D7621879379}.Debug|x86.Build.0 = Debug|Win32
		{259BAB92-DCB1-4AEC-8AE1-8D7621879379}.Release|x64.ActiveCfg = Release|x64
		{259BAB92-DCB1-4AEC-8AE1-8D7621879379}.Release|x64.Build.0 = Release|x64
		{259BAB92-DCB1-4AEC-8AE1-8D7621879379}.Release|x86.ActiveCfg = Release|Win32
		{259BAB92-DCB1-4AEC-8AE1-8D7621879379}.Release|x86.Build.0 = Release|Win32
		{9630E2B3-60A2-47C1-BF83-33A88312DF8E}.Debug|x64.ActiveCfg = Debug|x64
		{9630E2B3-60A2-47C1-BF83-33A88312DF8E}.Debug|x64.Build.0 = Debug|x64
		{9630E2B3-60A2-47C1-BF83-33A88312DF8E}.Debug|x86.ActiveCfg = Debug|Win32
		{9630E2B3-60A2-47C1-BF83-33A88312DF8E}.Debug|x86.Build.0 = Debug|Win32
		{9630E2B3-60A2-47C1-BF83-33A88312DF8E}.Release|x64.ActiveCfg = Release|x64
		{9630E2B3-60A2-47C1-BF83-33A88312DF8E}.Release|x64.Build.0 = Release|x64
		{9630E2B3-60A2-47C1-BF83-33A88312DF8E}.Release|x86.ActiveCfg = Release|Win32
		{9630E2B3-60A2-47C1-BF83-33A88312DF8E}.Release|x86.Build.0 = Release|Win32
		{F8BC97F5-2AD5-4310-B92A-56B6E81F27F8}.Debug|x64.ActiveCfg = Debug|x64
		{F8BC97F5-2AD5-4310-B92A-56B6E81F27F8}.Debug|x64.Build.0 = Debug|x64
		{F8BC97F5-2AD5-4310-B92A-56B6E81F27F8}.Debug|x86.ActiveCfg = Debug|Win32
		{F8BC97F5-2AD5-4310-B92A-56B6E81F27F8}.Debug|x86.Build.0 = Debug|Win32
		{F8BC97F5-2AD5-4310-B92A-56B6E81F27F8}.Release|x64.ActiveCfg = Release|x64
		{F8BC97F5-2AD5-4310-B92A-56B6E81F27F8}.Release|x64.Build.0 = Release|x64
		{F8BC97F5-2AD5-4310-B92A-56B6E81F27F8}.Release|x86.ActiveCfg = Release|Win32
		{F8BC97F5-2AD5-4310-B92A-56B6E81F27F8}.Release|x86.Build.0 = Release|Win32
		{B1C3BD62-5BFF-4F64-B21D-6118E3C0E062}.Debug|x64.ActiveCfg = Debug|x64
		{B1C3BD62-5BFF-4F64-B21D-6118E3C0E062}.Debug|x64.Build.0 = Debug|x64
		{B1C3BD62-5BFF-4F64-B21D-6118E3C0E062}.Debug|x86.ActiveCfg = Debug|Win32
		{B1C3BD62-5BFF-4F64-B21D-6118E3C0E062}.Debug|x86.Build.0 = Debug|Win32
		{B1C3BD62-5BFF-4F64-B21D-6118E3C0E062}.Release|x64.ActiveCfg = Release|x64
		{B1C3BD62-5BFF-4F64-B21D-6118E3C0E062}.Release|x64.Build.0 = Release|x64
		{B1C3BD62-5BFF-4F64-B21D-6118E3C0E062}.Release|x86.ActiveCfg = Release|Win32
		{B1C3BD62-5BFF-4F64-B21D-6118E3C0E062}.Release|x86.Build.0 = Release|Win32
		{9E155895-8688-403F-A55D-55D79068EABC}.Debug|x64.ActiveCfg = Debug|x64
		{9E155895-8688-403F-A55D-55D79068EABC}.Debug|x64.Build.0 = Debug|x64
		{9E155895-8688-403F-A55D-55D79068EABC}.Debug|x86.ActiveCfg = Debug|Win32
		{9E155895-8688-403F-A55D-55D79068EABC}.Debug|x86.Build.0 = Debug|Win32
		{9E155895-8688-403F-A55D-55D79068EABC}.Release|x64.ActiveCfg = Release|x64
		{9E155895-8688-403F-A55D-55D79068EABC}.Release|x64.Build.0 = Release|x64
		{9E155895-8688-403F-A55D-55D79068EABC}.Release|x86.ActiveCfg = Release|Win32
		{9E155895-8688-403F-A55D-55D79068EABC}.Release|x86.Build.0 = Release|Win32
		{2D83D7FB-36F5-4E54-86AD-981C77D72E08}.Debug|x64.ActiveCfg = Debug|x64
		{2D83D7FB-36F5-4E54-86AD-981C77D72E08}.Debug|x64.Build.0 = Debug|x64
		{2D83D7FB-36F5-4E54-86AD-981C77D72E08}.Debug|x86.ActiveCfg = Debug|Win32
		{2D83D7FB-36F5-4E54-86AD-981C77D72E08}.Debug|x86.Build.0 = Debug|Win32
		{2D83D7FB-36F5-4E54-86AD-981C77D72E08}.Release|x64.ActiveCfg = Release|x64
		{2D83D7FB-36F5-4E54-86AD-981C77D72E08}.Release|x64.Build.0 = Release|x64
		{2D83D7FB-36F5-4E54-86AD-981C77D72E08}.Release|x86.ActiveCfg = Release|Win32
		{2D83D7FB-36F5-4E54-86AD-981C77D72E08}.Release|x86.Build.0 = Release|Win32
		{3638239C-BB91-4E04-8F29-E1AE38CD5FC3}.Debug|x64.ActiveCfg = Debug|x64
		{3638239C-BB91-4E04-8F29-E1AE38CD5FC3}.Debug|x64.Build.0 = Debug|x64
		{3638239C-BB91-4E04-8F29-E1AE38CD5FC3}.Debug|x86.ActiveCfg = Debug|Win32
		{3638239C-BB91-4E04-8F29-E1AE38CD5FC3}.Debug|x86.Build.0 = Debug|Win32
		{3638239C-BB91-4E04-8F29-E1AE38CD5FC3}.Release|x64.ActiveCfg = Release|x64
		{3638239C-BB91-4E04-8F29-E1AE38CD5FC3}.Release|x64.Build.0 = Release|x64
		{3638239C-BB91-4E04-8F29-E1AE38CD5FC3}.Release|x86.ActiveCfg = Release|Win32
		{3638239C-BB91-4E04-8F29-E1AE38CD5FC3}.Release|x86.Build.0 = Release|Win32
		{C994F845-F8BB-4B9C-A665-40EAC2FC3AB5}.Debug|x64.ActiveCfg = Debug|x64
		{C994F845-F8BB-4B9C-A665-40EAC2FC3AB5}.Debug|x64.Build.0 = Debug|x64
		{C994F845-F8BB-4B9C-A665-40EAC2FC3AB5}.Debug|x86.ActiveCfg = Debug|Win32
		{C994F845-F8BB-4B9C-A665-40EAC2FC3AB5}.Debug|x86.Build.0 = Debug|Win32
		{C994F845-F8BB-4B9C-A665-40EAC2FC3AB5}.Release|x64.ActiveCfg = Release|x64
		{C994F845-F8BB-4B9C-A665-40EAC2FC3AB5}.Release|x64.Build.0 = Release|x64
		{C994F845-F8BB-4B9C-A665-40EAC2FC3AB5}.Release|x86.ActiveCfg = Release|Win32
		{C994F845-F8BB-4B9C-A665-40EAC2FC3AB5}.Release|x86.Build.0 = Release|Win32
		{35164D42-4AA2-465D-9499-40E1F84CAF14}.Debug|x64.ActiveCfg = Debug|x64
		{35164D42-4AA2-465D-9499-40E1F84CAF14}.Debug|x64.Build.0 = Debug|x64
		{35164D42-4AA2-465D-9499-40E1F84CAF14}.Debug|x86.ActiveCfg = Debug|Win32
		{35164D42-4AA2-465D-9499-40E1F84CAF14}.Debug|x86.Build.0 = Debug|Win32
		{35164D42-4AA2-465D-9499-40E1F84CAF14}.Release|x64.ActiveCfg = Release|x64
		{35164D42-4AA2-465D-9499-40E1F84CAF14}.Release|x64.Build.0 = Release|x64
		{35164D42-4AA2-465D-9499-40E1F84CAF14}.Release|x86.ActiveCfg = Release|Win32
		{35164D42-4AA2-465D-9499-40E1F84CAF14}.Release|x86.Build.0 = Release|Win32
		{0722C29D-9386-40E6-8B1D-6110160430B2}.Debug|x64.ActiveCfg = Debug|x64
		{0722C29D-9386-40E6-8B1D-6110160430B2}.Debug|x64.Build.0 = Debug|x64
		{0722C29D-9386-40E6-8B1D-6110160430B2}.Debug|x86.ActiveCfg = Debug|Win32
		{0722C29D-9386-40E6-8B1D-6110160430B2}.Debug|x86.Build.0 = Debug|Win32
		{0722C29D-9386-40E6-8B1D-6110160430B2}.Release|x64.ActiveCfg = Release|x64
		{0722C29D-9386-40E6-8B1D-6110160430B2}.Release|x64.Build.0 = Release|x64
		{0722C29D-9386-40E6-8B1D-6110160430B2}.Release|x86.ActiveCfg = Release|Win32
		{0722C29D-9386-40E6-8B1D-6110160430B2}.Release|x86.Build.0 = Release|Win32
		{068A1932-3D2B-4242-996A-4563746239BA}.Debug|x64.ActiveCfg = Debug|x64
		{068A1932-3D2B-4242-996A-4563746239BA}.Debug|x64.Build.0 = Debug|x64
		{068A1932-3D2B-4242-996A-4563746239BA}.Debug|x86.ActiveCfg = Debug|Win32
		{068A1932-3D2B-4242-996A-4563746239BA}.Debug|x86.Build.0 = Debug|Win32
		{068A1932-3D2B-4242-996A-4563746239BA}.Release|x64.ActiveCfg = Release|x64
		{068A1932-3D2B-4242-996A-4563746239BA}.Release|x64.Build.0 = Release|x64
		{068A1932-3D2B-4242-996A-4563746239BA}.Release|x86.ActiveCfg = Release|Win32
		{068A1932-3D2B-4242-996A-4563746239BA}.Release|x86.Build.0 = Release|Win32
		{16F8A27E-3A97-46B1-9DBA-4078634E42D2}.Debug|x64.ActiveCfg = Debug|x64
		{16F8A27E-3A97-46B1-9DBA-4078634E42D2}.Debug|x64.Build.0 = Debug|x64
		{16F8A27E-3A97-46B1-9DBA-4078634E42D2}.Debug|x86.ActiveCfg = Debug|Win32
		{16F8A27E-3A97-46B1-9DBA-4078634E42D2}.Debug|x86.Build.0 = Debug|Win32
		{16F8A27E-3A97-46B1-9DBA-4078634E42D2}.Release|x64.ActiveCfg = Release|x64
		{16F8A27E-3A97-46B1-9DBA-4078634E42D2}.Release|x64.Build.0 = Release|x64
		{16F8A27E-3A97-46B1-9DBA-4078634E42D2}.Release|x86.ActiveCfg = Release|Win32
		{16F8A27E-3A97-46B1-9DBA-4078634E42D2}.Release|x86.Build.0 = Release|Win32
		{8C1C3B74-4306-4A50-80A6-F60732F5B5FB}.Debug|x64.ActiveCfg = Debug|x64
		{8C1C3B74-4306-4A50-80A6-F60732F5B5FB}.Debug|x64.Build.0 = Debug|x64
		{8C1C3B74-4306-4A50-80A6-F60732F5B5FB}.Debug|x86.ActiveCfg = Debug|Win32
		{8C1C3B74-4306-4A50-80A6-F60732F5B5FB}.Debug|x86.Build.0 = Debug|Win32
		{8C1C3B74-4306-4A50-80A6-F60732F5B5FB}.Release|x64.ActiveCfg = Release|x64
		{8C1C3B74-4306-4A50-80A6-F60732F5B5FB}.Release|x64.Build.0 = Release|x64
		{8C1C3B74-4306-4A50-80A6-F60732F5B5FB}.Release|x86.ActiveCfg = Release|Win32
		{8C1C3B74-4306-4A50-80A6-F60732F5B5FB}.Release|x86.Build.0 = Release|Win32
	EndGlobalSection
	GlobalSection(SolutionProperties) = preSolution
		HideSolutionNode = FALSE
	EndGlobalSection
	GlobalSection(ExtensibilityGlobals) = postSolution
		SolutionGuid = {1B485401-73A5-4FCD-B44D-ED0175251C76}
	EndGlobalSection
EndGlobal
