
Microsoft Visual Studio Solution File, Format Version 12.00
# Visual Studio Version 17
VisualStudioVersion = 17.7.34031.279
MinimumVisualStudioVersion = 10.0.40219.1
Project("{8BC9CEB8-8B4A-11D0-8D11-00A0C91BC942}") = "C00_Files", "C00_Files\C00_Files.vcxproj", "{259BAB92-DCB1-4AEC-8AE1-8D7621879379}"
EndProject
Project("{8BC9CEB8-8B4A-11D0-8D11-00A0C91BC942}") = "01_XML", "01_XML\01_XML.vcxproj", "{9630E2B3-60A2-47C1-BF83-33A88312DF8E}"
EndProject
Project("{8BC9CEB8-8B4A-11D0-8D11-00A0C91BC942}") = "AA1_01", "AA1_01\AA1_01.vcxproj", "{F8BC97F5-2AD5-4310-B92A-56B6E81F27F8}"
EndProject
Global
	GlobalSection(SolutionConfigurationPlatforms) = preSolution
		Debug|x64 = Debug|x64
		Debug|x86 = Debug|x86
		Release|x64 = Release|x64
		Release|x86 = Release|x86
	EndGlobalSection
	GlobalSection(ProjectConfigurationPlatforms) = postSolution
		{259BAB92-DCB1-4AEC-8AE1-8D7621879379}.Debug|x64.ActiveCfg = Debug|x64
		{259BAB92-DCB1-4AEC-8AE1-8D7621879379}.Debug|x64.Build.0 = Debug|x64
		{259BAB92-DCB1-4AEC-8AE1-8D7621879379}.Debug|x86.ActiveCfg = Debug|Win32
		{259BAB92-DCB1-4AEC-8AE1-8D7621879379}.Debug|x86.Build.0 = Debug|Win32
		{259BAB92-DCB1-4AEC-8AE1-8D7621879379}.Release|x64.ActiveCfg = Release|x64
		{259BAB92-DCB1-4AEC-8AE1-8D7621879379}.Release|x64.Build.0 = Release|x64
		{259BAB92-DCB1-4AEC-8AE1-8D7621879379}.Release|x86.ActiveCfg = Release|Win32
		{259BAB92-DCB1-4AEC-8AE1-8D7621879379}.Release|x86.Build.0 = Release|Win32
		{9630E2B3-60A2-47C1-BF83-33A88312DF8E}.Debug|x64.ActiveCfg = Debug|x64
		{9630E2B3-60A2-47C1-BF83-33A88312DF8E}.Debug|x64.Build.0 = Debug|x64
		{9630E2B3-60A2-47C1-BF83-33A88312DF8E}.Debug|x86.ActiveCfg = Debug|Win32
		{9630E2B3-60A2-47C1-BF83-33A88312DF8E}.Debug|x86.Build.0 = Debug|Win32
		{9630E2B3-60A2-47C1-BF83-33A88312DF8E}.Release|x64.ActiveCfg = Release|x64
		{9630E2B3-60A2-47C1-BF83-33A88312DF8E}.Release|x64.Build.0 = Release|x64
		{9630E2B3-60A2-47C1-BF83-33A88312DF8E}.Release|x86.ActiveCfg = Release|Win32
		{9630E2B3-60A2-47C1-BF83-33A88312DF8E}.Release|x86.Build.0 = Release|Win32
		{F8BC97F5-2AD5-4310-B92A-56B6E81F27F8}.Debug|x64.ActiveCfg = Debug|x64
		{F8BC97F5-2AD5-4310-B92A-56B6E81F27F8}.Debug|x64.Build.0 = Debug|x64
		{F8BC97F5-2AD5-4310-B92A-56B6E81F27F8}.Debug|x86.ActiveCfg = Debug|Win32
		{F8BC97F5-2AD5-4310-B92A-56B6E81F27F8}.Debug|x86.Build.0 = Debug|Win32
		{F8BC97F5-2AD5-4310-B92A-56B6E81F27F8}.Release|x64.ActiveCfg = Release|x64
		{F8BC97F5-2AD5-4310-B92A-56B6E81F27F8}.Release|x64.Build.0 = Release|x64
		{F8BC97F5-2AD5-4310-B92A-56B6E81F27F8}.Release|x86.ActiveCfg = Release|Win32
		{F8BC97F5-2AD5-4310-B92A-56B6E81F27F8}.Release|x86.Build.0 = Release|Win32
	EndGlobalSection
	GlobalSection(SolutionProperties) = preSolution
		HideSolutionNode = FALSE
	EndGlobalSection
	GlobalSection(ExtensibilityGlobals) = postSolution
		SolutionGuid = {1B485401-73A5-4FCD-B44D-ED0175251C76}
	EndGlobalSection
EndGlobal
